
Microsoft Visual Studio Solution File, Format Version 12.00
# Visual Studio Version 16
VisualStudioVersion = 16.0.31515.178
MinimumVisualStudioVersion = 10.0.40219.1
Project("{FAE04EC0-301F-11D3-BF4B-00C04F79EFBC}") = "ThreePlus", "ThreePlus.csproj", "{0F140621-06B7-4BE9-B528-0B37F590E215}"
EndProject
Global
	GlobalSection(SolutionConfigurationPlatforms) = preSolution
		Debug|Any CPU = Debug|Any CPU
		Release|Any CPU = Release|Any CPU
	EndGlobalSection
	GlobalSection(ProjectConfigurationPlatforms) = postSolution
		{0F140621-06B7-4BE9-B528-0B37F590E215}.Debug|Any CPU.ActiveCfg = Debug|Any CPU
		{0F140621-06B7-4BE9-B528-0B37F590E215}.Debug|Any CPU.Build.0 = Debug|Any CPU
		{0F140621-06B7-4BE9-B528-0B37F590E215}.Release|Any CPU.ActiveCfg = Release|Any CPU
		{0F140621-06B7-4BE9-B528-0B37F590E215}.Release|Any CPU.Build.0 = Release|Any CPU
	EndGlobalSection
	GlobalSection(SolutionProperties) = preSolution
		HideSolutionNode = FALSE
	EndGlobalSection
	GlobalSection(ExtensibilityGlobals) = postSolution
		SolutionGuid = {3009529F-76C5-4F93-9849-760140481AB6}
	EndGlobalSection
EndGlobal
